<?xml version="1.0" encoding="utf-8"?>
<Project ToolsVersion="4.0" xmlns="http://schemas.microsoft.com/developer/msbuild/2003">
  <ItemGroup>
    <Filter Include="Source Files">
      <UniqueIdentifier>{4FC737F1-C7A5-4376-A066-2A32D752A2FF}</UniqueIdentifier>
      <Extensions>cpp;c;cc;cxx;def;odl;idl;hpj;bat;asm;asmx</Extensions>
    </Filter>
    <Filter Include="Header Files">
      <UniqueIdentifier>{93995380-89BD-4b04-88EB-625FBE52EBFB}</UniqueIdentifier>
      <Extensions>h;hh;hpp;hxx;hm;inl;inc;ipp;xsd</Extensions>
    </Filter>
    <Filter Include="Resource Files">
      <UniqueIdentifier>{67DA6AB6-F800-4c08-8B7A-83BB121AAD01}</UniqueIdentifier>
      <Extensions>rc;ico;cur;bmp;dlg;rc2;rct;bin;rgs;gif;jpg;jpeg;jpe;resx;tiff;tif;png;wav;mfcribbon-ms</Extensions>
    </Filter>
    <Filter Include="Textures">
      <UniqueIdentifier>{c9c192f7-2f0c-4d17-9680-f84b537a5e78}</UniqueIdentifier>
    </Filter>
  </ItemGroup>
  <ItemGroup>
    <ClInclude Include="stdafx.h">
      <Filter>Header Files</Filter>
    </ClInclude>
    <ClInclude Include="targetver.h">
      <Filter>Header Files</Filter>
    </ClInclude>
    <ClInclude Include="include\header.h">
      <Filter>Header Files</Filter>
    </ClInclude>
    <ClInclude Include="include\graphics.h">
      <Filter>Header Files</Filter>
    </ClInclude>
    <ClInclude Include="include\CatanGUI.h">
      <Filter>Header Files</Filter>
    </ClInclude>
    <ClInclude Include="include\objects.h">
      <Filter>Header Files</Filter>
    </ClInclude>
    <ClInclude Include="include\board.h">
      <Filter>Header Files</Filter>
    </ClInclude>
    <ClInclude Include="include\drag.h">
      <Filter>Header Files</Filter>
    </ClInclude>
    <ClInclude Include="include\sample.h">
      <Filter>Header Files</Filter>
    </ClInclude>
    <ClInclude Include="include\game_board.h">
      <Filter>Header Files</Filter>
    </ClInclude>
    <ClInclude Include="include\catan_ai.h">
      <Filter>Header Files</Filter>
    </ClInclude>
    <ClInclude Include="include\game_state.h">
      <Filter>Header Files</Filter>
    </ClInclude>
    <ClInclude Include="include\roads.h">
      <Filter>Header Files</Filter>
    </ClInclude>
    <ClInclude Include="include\buildings.h">
      <Filter>Header Files</Filter>
    </ClInclude>
    <ClInclude Include="include\players.h">
      <Filter>Header Files</Filter>
    </ClInclude>
    <ClInclude Include="include\TestSample.h">
      <Filter>Header Files</Filter>
    </ClInclude>
    <ClInclude Include="include\bank.h">
      <Filter>Header Files</Filter>
    </ClInclude>
  </ItemGroup>
  <ItemGroup>
    <ClCompile Include="stdafx.cpp">
      <Filter>Source Files</Filter>
    </ClCompile>
    <ClCompile Include="main.cpp">
      <Filter>Source Files</Filter>
    </ClCompile>
    <ClCompile Include="include\CatanGUI.cpp">
      <Filter>Source Files</Filter>
    </ClCompile>
    <ClCompile Include="include\objects.cpp">
      <Filter>Source Files</Filter>
    </ClCompile>
    <ClCompile Include="include\board.cpp">
      <Filter>Source Files</Filter>
    </ClCompile>
    <ClCompile Include="include\drag.cpp">
      <Filter>Source Files</Filter>
    </ClCompile>
    <ClCompile Include="include\game_board.cpp">
      <Filter>Source Files</Filter>
    </ClCompile>
    <ClCompile Include="include\catan_ai.cpp">
      <Filter>Source Files</Filter>
    </ClCompile>
    <ClCompile Include="include\game_state.cpp">
      <Filter>Source Files</Filter>
    </ClCompile>
    <ClCompile Include="include\buildings.cpp">
      <Filter>Source Files</Filter>
    </ClCompile>
    <ClCompile Include="include\players.cpp">
      <Filter>Source Files</Filter>
    </ClCompile>
    <ClCompile Include="include\roads.cpp">
      <Filter>Source Files</Filter>
    </ClCompile>
    <ClCompile Include="include\bank.cpp">
      <Filter>Source Files</Filter>
    </ClCompile>
  </ItemGroup>
  <ItemGroup>
    <Image Include="..\x64\Debug\textures\sprites.png">
      <Filter>Textures</Filter>
    </Image>
    <Image Include="..\x64\Debug\textures\bg.jpg">
      <Filter>Textures</Filter>
    </Image>
  </ItemGroup>
</Project>